
Microsoft Visual Studio Solution File, Format Version 12.00
# Visual Studio Version 17
VisualStudioVersion = 17.1.32319.34
MinimumVisualStudioVersion = 10.0.40219.1
Project("{FAE04EC0-301F-11D3-BF4B-00C04F79EFBC}") = "Calculadora_Com_Exit", "ConsoleApp1\Calculadora_Com_Exit.csproj", "{6427AC08-AB2B-48FE-98A2-2D01A8B7DBE4}"
EndProject
Global
	GlobalSection(SolutionConfigurationPlatforms) = preSolution
		Debug|Any CPU = Debug|Any CPU
		Release|Any CPU = Release|Any CPU
	EndGlobalSection
	GlobalSection(ProjectConfigurationPlatforms) = postSolution
		{6427AC08-AB2B-48FE-98A2-2D01A8B7DBE4}.Debug|Any CPU.ActiveCfg = Debug|Any CPU
		{6427AC08-AB2B-48FE-98A2-2D01A8B7DBE4}.Debug|Any CPU.Build.0 = Debug|Any CPU
		{6427AC08-AB2B-48FE-98A2-2D01A8B7DBE4}.Release|Any CPU.ActiveCfg = Release|Any CPU
		{6427AC08-AB2B-48FE-98A2-2D01A8B7DBE4}.Release|Any CPU.Build.0 = Release|Any CPU
	EndGlobalSection
	GlobalSection(SolutionProperties) = preSolution
		HideSolutionNode = FALSE
	EndGlobalSection
	GlobalSection(ExtensibilityGlobals) = postSolution
		SolutionGuid = {634A742A-2717-49C2-9C05-A8C72B59C6F1}
	EndGlobalSection
EndGlobal
